
Microsoft Visual Studio Solution File, Format Version 12.00
# Visual Studio 15
VisualStudioVersion = 15.0.28010.2036
MinimumVisualStudioVersion = 10.0.40219.1
Project("{FAE04EC0-301F-11D3-BF4B-00C04F79EFBC}") = "example.thread.demo", "example.thread.demo\example.thread.demo.csproj", "{5C622CE9-D001-4D75-B3E8-AD4D55DA10D3}"
EndProject
Global
	GlobalSection(SolutionConfigurationPlatforms) = preSolution
		Debug|Any CPU = Debug|Any CPU
		Release|Any CPU = Release|Any CPU
	EndGlobalSection
	GlobalSection(ProjectConfigurationPlatforms) = postSolution
		{5C622CE9-D001-4D75-B3E8-AD4D55DA10D3}.Debug|Any CPU.ActiveCfg = Debug|Any CPU
		{5C622CE9-D001-4D75-B3E8-AD4D55DA10D3}.Debug|Any CPU.Build.0 = Debug|Any CPU
		{5C622CE9-D001-4D75-B3E8-AD4D55DA10D3}.Release|Any CPU.ActiveCfg = Release|Any CPU
		{5C622CE9-D001-4D75-B3E8-AD4D55DA10D3}.Release|Any CPU.Build.0 = Release|Any CPU
	EndGlobalSection
	GlobalSection(SolutionProperties) = preSolution
		HideSolutionNode = FALSE
	EndGlobalSection
	GlobalSection(ExtensibilityGlobals) = postSolution
		SolutionGuid = {74FAB4AF-3FFB-4870-93F1-8933A35BE95E}
	EndGlobalSection
EndGlobal
